// !$*UTF8*$!
{
	archiveVersion = 1;
	classes = {
	};
	objectVersion = 51;
	objects = {

/* Begin PBXBuildFile section */
		D06429B526DA4650001D0BA4 /* Alert.swift in Sources */ = {isa = PBXBuildFile; fileRef = D06429B426DA4650001D0BA4 /* Alert.swift */; };
		D0F164C526D6404F0039A35F /* AppDelegate.swift in Sources */ = {isa = PBXBuildFile; fileRef = D0F164C426D6404F0039A35F /* AppDelegate.swift */; };
		D0F164CE26D640570039A35F /* Assets.xcassets in Resources */ = {isa = PBXBuildFile; fileRef = D0F164CD26D640570039A35F /* Assets.xcassets */; };
		D0F164DA26D640DC0039A35F /* EntryVC.swift in Sources */ = {isa = PBXBuildFile; fileRef = D0F164D826D640DC0039A35F /* EntryVC.swift */; };
		D0F164DB26D640DC0039A35F /* EntryVC.xib in Resources */ = {isa = PBXBuildFile; fileRef = D0F164D926D640DC0039A35F /* EntryVC.xib */; };
		D0F164DE26D640EC0039A35F /* GameVC.swift in Sources */ = {isa = PBXBuildFile; fileRef = D0F164DC26D640EC0039A35F /* GameVC.swift */; };
		D0F164DF26D640EC0039A35F /* GameVC.xib in Resources */ = {isa = PBXBuildFile; fileRef = D0F164DD26D640EC0039A35F /* GameVC.xib */; };
		D0F164E126D659390039A35F /* GoogleService-Info.plist in Resources */ = {isa = PBXBuildFile; fileRef = D0F164E026D659390039A35F /* GoogleService-Info.plist */; };
		D1BCC6F54FD5475995D72609 /* Pods_Real_Click_Game.framework in Frameworks */ = {isa = PBXBuildFile; fileRef = 184CA96CD8A5F5DCA63E4CC2 /* Pods_Real_Click_Game.framework */; };
/* End PBXBuildFile section */

/* Begin PBXFileReference section */
		184CA96CD8A5F5DCA63E4CC2 /* Pods_Real_Click_Game.framework */ = {isa = PBXFileReference; explicitFileType = wrapper.framework; includeInIndex = 0; path = Pods_Real_Click_Game.framework; sourceTree = BUILT_PRODUCTS_DIR; };
		A579CD26FF2E99CF7BBC153B /* Pods-Real_Click_Game.debug.xcconfig */ = {isa = PBXFileReference; includeInIndex = 1; lastKnownFileType = text.xcconfig; name = "Pods-Real_Click_Game.debug.xcconfig"; path = "Target Support Files/Pods-Real_Click_Game/Pods-Real_Click_Game.debug.xcconfig"; sourceTree = "<group>"; };
		D06429B426DA4650001D0BA4 /* Alert.swift */ = {isa = PBXFileReference; fileEncoding = 4; lastKnownFileType = sourcecode.swift; path = Alert.swift; sourceTree = "<group>"; };
		D0F164C126D6404F0039A35F /* Real_Click_Game.app */ = {isa = PBXFileReference; explicitFileType = wrapper.application; includeInIndex = 0; path = Real_Click_Game.app; sourceTree = BUILT_PRODUCTS_DIR; };
		D0F164C426D6404F0039A35F /* AppDelegate.swift */ = {isa = PBXFileReference; lastKnownFileType = sourcecode.swift; path = AppDelegate.swift; sourceTree = "<group>"; };
		D0F164CD26D640570039A35F /* Assets.xcassets */ = {isa = PBXFileReference; lastKnownFileType = folder.assetcatalog; path = Assets.xcassets; sourceTree = "<group>"; };
		D0F164D226D640570039A35F /* Info.plist */ = {isa = PBXFileReference; lastKnownFileType = text.plist.xml; path = Info.plist; sourceTree = "<group>"; };
		D0F164D826D640DC0039A35F /* EntryVC.swift */ = {isa = PBXFileReference; lastKnownFileType = sourcecode.swift; path = EntryVC.swift; sourceTree = "<group>"; };
		D0F164D926D640DC0039A35F /* EntryVC.xib */ = {isa = PBXFileReference; lastKnownFileType = file.xib; path = EntryVC.xib; sourceTree = "<group>"; };
		D0F164DC26D640EC0039A35F /* GameVC.swift */ = {isa = PBXFileReference; lastKnownFileType = sourcecode.swift; path = GameVC.swift; sourceTree = "<group>"; };
		D0F164DD26D640EC0039A35F /* GameVC.xib */ = {isa = PBXFileReference; lastKnownFileType = file.xib; path = GameVC.xib; sourceTree = "<group>"; };
		D0F164E026D659390039A35F /* GoogleService-Info.plist */ = {isa = PBXFileReference; fileEncoding = 4; lastKnownFileType = text.plist.xml; path = "GoogleService-Info.plist"; sourceTree = "<group>"; };
		FA48EE8F594209A0600E38F5 /* Pods-Real_Click_Game.release.xcconfig */ = {isa = PBXFileReference; includeInIndex = 1; lastKnownFileType = text.xcconfig; name = "Pods-Real_Click_Game.release.xcconfig"; path = "Target Support Files/Pods-Real_Click_Game/Pods-Real_Click_Game.release.xcconfig"; sourceTree = "<group>"; };
/* End PBXFileReference section */

/* Begin PBXFrameworksBuildPhase section */
		D0F164BE26D6404F0039A35F /* Frameworks */ = {
			isa = PBXFrameworksBuildPhase;
			buildActionMask = 2147483647;
			files = (
				D1BCC6F54FD5475995D72609 /* Pods_Real_Click_Game.framework in Frameworks */,
			);
			runOnlyForDeploymentPostprocessing = 0;
		};
/* End PBXFrameworksBuildPhase section */

/* Begin PBXGroup section */
		8CA150A22973DE6982703DC8 /* Pods */ = {
			isa = PBXGroup;
			children = (
				A579CD26FF2E99CF7BBC153B /* Pods-Real_Click_Game.debug.xcconfig */,
				FA48EE8F594209A0600E38F5 /* Pods-Real_Click_Game.release.xcconfig */,
			);
			path = Pods;
			sourceTree = "<group>";
		};
		A26CEFE56CD7A2DB74598FED /* Frameworks */ = {
			isa = PBXGroup;
			children = (
				184CA96CD8A5F5DCA63E4CC2 /* Pods_Real_Click_Game.framework */,
			);
			name = Frameworks;
			sourceTree = "<group>";
		};
		D0386C3026D799A40050943B /* Model */ = {
			isa = PBXGroup;
			children = (
				D06429B426DA4650001D0BA4 /* Alert.swift */,
			);
			path = Model;
			sourceTree = "<group>";
		};
		D0386C3126D799B30050943B /* View */ = {
			isa = PBXGroup;
			children = (
				D0F164D926D640DC0039A35F /* EntryVC.xib */,
				D0F164DD26D640EC0039A35F /* GameVC.xib */,
			);
			path = View;
			sourceTree = "<group>";
		};
		D0386C3226D799B80050943B /* Controller */ = {
			isa = PBXGroup;
			children = (
				D0F164D826D640DC0039A35F /* EntryVC.swift */,
				D0F164DC26D640EC0039A35F /* GameVC.swift */,
			);
			path = Controller;
			sourceTree = "<group>";
		};
		D0F164B826D6404F0039A35F = {
			isa = PBXGroup;
			children = (
				D0F164C326D6404F0039A35F /* Real_Click_Game */,
				D0F164C226D6404F0039A35F /* Products */,
				8CA150A22973DE6982703DC8 /* Pods */,
				A26CEFE56CD7A2DB74598FED /* Frameworks */,
			);
			sourceTree = "<group>";
		};
		D0F164C226D6404F0039A35F /* Products */ = {
			isa = PBXGroup;
			children = (
				D0F164C126D6404F0039A35F /* Real_Click_Game.app */,
			);
			name = Products;
			sourceTree = "<group>";
		};
		D0F164C326D6404F0039A35F /* Real_Click_Game */ = {
			isa = PBXGroup;
			children = (
				D0386C3026D799A40050943B /* Model */,
				D0386C3126D799B30050943B /* View */,
				D0386C3226D799B80050943B /* Controller */,
				D0F164E026D659390039A35F /* GoogleService-Info.plist */,
				D0F164C426D6404F0039A35F /* AppDelegate.swift */,
				D0F164CD26D640570039A35F /* Assets.xcassets */,
				D0F164D226D640570039A35F /* Info.plist */,
			);
			path = Real_Click_Game;
			sourceTree = "<group>";
		};
/* End PBXGroup section */

/* Begin PBXNativeTarget section */
		D0F164C026D6404F0039A35F /* Real_Click_Game */ = {
			isa = PBXNativeTarget;
			buildConfigurationList = D0F164D526D640570039A35F /* Build configuration list for PBXNativeTarget "Real_Click_Game" */;
			buildPhases = (
				D1D3E5FE052D0B4A4544A123 /* [CP] Check Pods Manifest.lock */,
				D0F164BD26D6404F0039A35F /* Sources */,
				D0F164BE26D6404F0039A35F /* Frameworks */,
				D0F164BF26D6404F0039A35F /* Resources */,
				B07295C377563C343DE3349C /* [CP] Embed Pods Frameworks */,
			);
			buildRules = (
			);
			dependencies = (
			);
			name = Real_Click_Game;
			productName = Real_Click_Game;
			productReference = D0F164C126D6404F0039A35F /* Real_Click_Game.app */;
			productType = "com.apple.product-type.application";
		};
/* End PBXNativeTarget section */

/* Begin PBXProject section */
		D0F164B926D6404F0039A35F /* Project object */ = {
			isa = PBXProject;
			attributes = {
				LastSwiftUpdateCheck = 1250;
				LastUpgradeCheck = 1250;
				TargetAttributes = {
					D0F164C026D6404F0039A35F = {
						CreatedOnToolsVersion = 12.5.1;
					};
				};
			};
			buildConfigurationList = D0F164BC26D6404F0039A35F /* Build configuration list for PBXProject "Real_Click_Game" */;
			compatibilityVersion = "Xcode 9.3";
			developmentRegion = en;
			hasScannedForEncodings = 0;
			knownRegions = (
				en,
				Base,
			);
			mainGroup = D0F164B826D6404F0039A35F;
			productRefGroup = D0F164C226D6404F0039A35F /* Products */;
			projectDirPath = "";
			projectRoot = "";
			targets = (
				D0F164C026D6404F0039A35F /* Real_Click_Game */,
			);
		};
/* End PBXProject section */

/* Begin PBXResourcesBuildPhase section */
		D0F164BF26D6404F0039A35F /* Resources */ = {
			isa = PBXResourcesBuildPhase;
			buildActionMask = 2147483647;
			files = (
				D0F164CE26D640570039A35F /* Assets.xcassets in Resources */,
				D0F164E126D659390039A35F /* GoogleService-Info.plist in Resources */,
				D0F164DF26D640EC0039A35F /* GameVC.xib in Resources */,
				D0F164DB26D640DC0039A35F /* EntryVC.xib in Resources */,
			);
			runOnlyForDeploymentPostprocessing = 0;
		};
/* End PBXResourcesBuildPhase section */

/* Begin PBXShellScriptBuildPhase section */
		B07295C377563C343DE3349C /* [CP] Embed Pods Frameworks */ = {
			isa = PBXShellScriptBuildPhase;
			buildActionMask = 2147483647;
			files = (
			);
			inputFileListPaths = (
				"${PODS_ROOT}/Target Support Files/Pods-Real_Click_Game/Pods-Real_Click_Game-frameworks-${CONFIGURATION}-input-files.xcfilelist",
			);
			name = "[CP] Embed Pods Frameworks";
			outputFileListPaths = (
				"${PODS_ROOT}/Target Support Files/Pods-Real_Click_Game/Pods-Real_Click_Game-frameworks-${CONFIGURATION}-output-files.xcfilelist",
			);
			runOnlyForDeploymentPostprocessing = 0;
			shellPath = /bin/sh;
			shellScript = "\"${PODS_ROOT}/Target Support Files/Pods-Real_Click_Game/Pods-Real_Click_Game-frameworks.sh\"\n";
			showEnvVarsInLog = 0;
		};
		D1D3E5FE052D0B4A4544A123 /* [CP] Check Pods Manifest.lock */ = {
			isa = PBXShellScriptBuildPhase;
			buildActionMask = 2147483647;
			files = (
			);
			inputFileListPaths = (
			);
			inputPaths = (
				"${PODS_PODFILE_DIR_PATH}/Podfile.lock",
				"${PODS_ROOT}/Manifest.lock",
			);
			name = "[CP] Check Pods Manifest.lock";
			outputFileListPaths = (
			);
			outputPaths = (
				"$(DERIVED_FILE_DIR)/Pods-Real_Click_Game-checkManifestLockResult.txt",
			);
			runOnlyForDeploymentPostprocessing = 0;
			shellPath = /bin/sh;
			shellScript = "diff \"${PODS_PODFILE_DIR_PATH}/Podfile.lock\" \"${PODS_ROOT}/Manifest.lock\" > /dev/null\nif [ $? != 0 ] ; then\n    # print error to STDERR\n    echo \"error: The sandbox is not in sync with the Podfile.lock. Run 'pod install' or update your CocoaPods installation.\" >&2\n    exit 1\nfi\n# This output is used by Xcode 'outputs' to avoid re-running this script phase.\necho \"SUCCESS\" > \"${SCRIPT_OUTPUT_FILE_0}\"\n";
			showEnvVarsInLog = 0;
		};
/* End PBXShellScriptBuildPhase section */

/* Begin PBXSourcesBuildPhase section */
		D0F164BD26D6404F0039A35F /* Sources */ = {
			isa = PBXSourcesBuildPhase;
			buildActionMask = 2147483647;
			files = (
				D0F164C526D6404F0039A35F /* AppDelegate.swift in Sources */,
				D0F164DE26D640EC0039A35F /* GameVC.swift in Sources */,
				D06429B526DA4650001D0BA4 /* Alert.swift in Sources */,
				D0F164DA26D640DC0039A35F /* EntryVC.swift in Sources */,
			);
			runOnlyForDeploymentPostprocessing = 0;
		};
/* End PBXSourcesBuildPhase section */

/* Begin XCBuildConfiguration section */
		D0F164D326D640570039A35F /* Debug */ = {
			isa = XCBuildConfiguration;
			buildSettings = {
				ALWAYS_SEARCH_USER_PATHS = NO;
				CLANG_ANALYZER_NONNULL = YES;
				CLANG_ANALYZER_NUMBER_OBJECT_CONVERSION = YES_AGGRESSIVE;
				CLANG_CXX_LANGUAGE_STANDARD = "gnu++14";
				CLANG_CXX_LIBRARY = "libc++";
				CLANG_ENABLE_MODULES = YES;
				CLANG_ENABLE_OBJC_ARC = YES;
				CLANG_ENABLE_OBJC_WEAK = YES;
				CLANG_WARN_BLOCK_CAPTURE_AUTORELEASING = YES;
				CLANG_WARN_BOOL_CONVERSION = YES;
				CLANG_WARN_COMMA = YES;
				CLANG_WARN_CONSTANT_CONVERSION = YES;
				CLANG_WARN_DEPRECATED_OBJC_IMPLEMENTATIONS = YES;
				CLANG_WARN_DIRECT_OBJC_ISA_USAGE = YES_ERROR;
				CLANG_WARN_DOCUMENTATION_COMMENTS = YES;
				CLANG_WARN_EMPTY_BODY = YES;
				CLANG_WARN_ENUM_CONVERSION = YES;
				CLANG_WARN_INFINITE_RECURSION = YES;
				CLANG_WARN_INT_CONVERSION = YES;
				CLANG_WARN_NON_LITERAL_NULL_CONVERSION = YES;
				CLANG_WARN_OBJC_IMPLICIT_RETAIN_SELF = YES;
				CLANG_WARN_OBJC_LITERAL_CONVERSION = YES;
				CLANG_WARN_OBJC_ROOT_CLASS = YES_ERROR;
				CLANG_WARN_QUOTED_INCLUDE_IN_FRAMEWORK_HEADER = YES;
				CLANG_WARN_RANGE_LOOP_ANALYSIS = YES;
				CLANG_WARN_STRICT_PROTOTYPES = YES;
				CLANG_WARN_SUSPICIOUS_MOVE = YES;
				CLANG_WARN_UNGUARDED_AVAILABILITY = YES_AGGRESSIVE;
				CLANG_WARN_UNREACHABLE_CODE = YES;
				CLANG_WARN__DUPLICATE_METHOD_MATCH = YES;
				COPY_PHASE_STRIP = NO;
				DEBUG_INFORMATION_FORMAT = dwarf;
				ENABLE_STRICT_OBJC_MSGSEND = YES;
				ENABLE_TESTABILITY = YES;
				GCC_C_LANGUAGE_STANDARD = gnu11;
				GCC_DYNAMIC_NO_PIC = NO;
				GCC_NO_COMMON_BLOCKS = YES;
				GCC_OPTIMIZATION_LEVEL = 0;
				GCC_PREPROCESSOR_DEFINITIONS = (
					"DEBUG=1",
					"$(inherited)",
				);
				GCC_WARN_64_TO_32_BIT_CONVERSION = YES;
				GCC_WARN_ABOUT_RETURN_TYPE = YES_ERROR;
				GCC_WARN_UNDECLARED_SELECTOR = YES;
				GCC_WARN_UNINITIALIZED_AUTOS = YES_AGGRESSIVE;
				GCC_WARN_UNUSED_FUNCTION = YES;
				GCC_WARN_UNUSED_VARIABLE = YES;
				IPHONEOS_DEPLOYMENT_TARGET = 14.5;
				MTL_ENABLE_DEBUG_INFO = INCLUDE_SOURCE;
				MTL_FAST_MATH = YES;
				ONLY_ACTIVE_ARCH = YES;
				SDKROOT = iphoneos;
				SWIFT_ACTIVE_COMPILATION_CONDITIONS = DEBUG;
				SWIFT_OPTIMIZATION_LEVEL = "-Onone";
			};
			name = Debug;
		};
		D0F164D426D640570039A35F /* Release */ = {
			isa = XCBuildConfiguration;
			buildSettings = {
				ALWAYS_SEARCH_USER_PATHS = NO;
				CLANG_ANALYZER_NONNULL = YES;
				CLANG_ANALYZER_NUMBER_OBJECT_CONVERSION = YES_AGGRESSIVE;
				CLANG_CXX_LANGUAGE_STANDARD = "gnu++14";
				CLANG_CXX_LIBRARY = "libc++";
				CLANG_ENABLE_MODULES = YES;
				CLANG_ENABLE_OBJC_ARC = YES;
				CLANG_ENABLE_OBJC_WEAK = YES;
				CLANG_WARN_BLOCK_CAPTURE_AUTORELEASING = YES;
				CLANG_WARN_BOOL_CONVERSION = YES;
				CLANG_WARN_COMMA = YES;
				CLANG_WARN_CONSTANT_CONVERSION = YES;
				CLANG_WARN_DEPRECATED_OBJC_IMPLEMENTATIONS = YES;
				CLANG_WARN_DIRECT_OBJC_ISA_USAGE = YES_ERROR;
				CLANG_WARN_DOCUMENTATION_COMMENTS = YES;
				CLANG_WARN_EMPTY_BODY = YES;
				CLANG_WARN_ENUM_CONVERSION = YES;
				CLANG_WARN_INFINITE_RECURSION = YES;
				CLANG_WARN_INT_CONVERSION = YES;
				CLANG_WARN_NON_LITERAL_NULL_CONVERSION = YES;
				CLANG_WARN_OBJC_IMPLICIT_RETAIN_SELF = YES;
				CLANG_WARN_OBJC_LITERAL_CONVERSION = YES;
				CLANG_WARN_OBJC_ROOT_CLASS = YES_ERROR;
				CLANG_WARN_QUOTED_INCLUDE_IN_FRAMEWORK_HEADER = YES;
				CLANG_WARN_RANGE_LOOP_ANALYSIS = YES;
				CLANG_WARN_STRICT_PROTOTYPES = YES;
				CLANG_WARN_SUSPICIOUS_MOVE = YES;
				CLANG_WARN_UNGUARDED_AVAILABILITY = YES_AGGRESSIVE;
				CLANG_WARN_UNREACHABLE_CODE = YES;
				CLANG_WARN__DUPLICATE_METHOD_MATCH = YES;
				COPY_PHASE_STRIP = NO;
				DEBUG_INFORMATION_FORMAT = "dwarf-with-dsym";
				ENABLE_NS_ASSERTIONS = NO;
				ENABLE_STRICT_OBJC_MSGSEND = YES;
				GCC_C_LANGUAGE_STANDARD = gnu11;
				GCC_NO_COMMON_BLOCKS = YES;
				GCC_WARN_64_TO_32_BIT_CONVERSION = YES;
				GCC_WARN_ABOUT_RETURN_TYPE = YES_ERROR;
				GCC_WARN_UNDECLARED_SELECTOR = YES;
				GCC_WARN_UNINITIALIZED_AUTOS = YES_AGGRESSIVE;
				GCC_WARN_UNUSED_FUNCTION = YES;
				GCC_WARN_UNUSED_VARIABLE = YES;
				IPHONEOS_DEPLOYMENT_TARGET = 14.5;
				MTL_ENABLE_DEBUG_INFO = NO;
				MTL_FAST_MATH = YES;
				SDKROOT = iphoneos;
				SWIFT_COMPILATION_MODE = wholemodule;
				SWIFT_OPTIMIZATION_LEVEL = "-O";
				VALIDATE_PRODUCT = YES;
			};
			name = Release;
		};
		D0F164D626D640570039A35F /* Debug */ = {
			isa = XCBuildConfiguration;
			baseConfigurationReference = A579CD26FF2E99CF7BBC153B /* Pods-Real_Click_Game.debug.xcconfig */;
			buildSettings = {
				ASSETCATALOG_COMPILER_APPICON_NAME = AppIcon;
				ASSETCATALOG_COMPILER_GLOBAL_ACCENT_COLOR_NAME = AccentColor;
				CODE_SIGN_STYLE = Automatic;
				DEVELOPMENT_TEAM = U23784U7DD;
				INFOPLIST_FILE = Real_Click_Game/Info.plist;
				LD_RUNPATH_SEARCH_PATHS = (
					"$(inherited)",
					"@executable_path/Frameworks",
				);
				PRODUCT_BUNDLE_IDENTIFIER = "kh.Real-Click-Game";
				PRODUCT_NAME = "$(TARGET_NAME)";
				SWIFT_VERSION = 5.0;
				TARGETED_DEVICE_FAMILY = "1,2";
			};
			name = Debug;
		};
		D0F164D726D640570039A35F /* Release */ = {
			isa = XCBuildConfiguration;
			baseConfigurationReference = FA48EE8F594209A0600E38F5 /* Pods-Real_Click_Game.release.xcconfig */;
			buildSettings = {
				ASSETCATALOG_COMPILER_APPICON_NAME = AppIcon;
				ASSETCATALOG_COMPILER_GLOBAL_ACCENT_COLOR_NAME = AccentColor;
				CODE_SIGN_STYLE = Automatic;
				DEVELOPMENT_TEAM = U23784U7DD;
				INFOPLIST_FILE = Real_Click_Game/Info.plist;
				LD_RUNPATH_SEARCH_PATHS = (
					"$(inherited)",
					"@executable_path/Frameworks",
				);
				PRODUCT_BUNDLE_IDENTIFIER = "kh.Real-Click-Game";
				PRODUCT_NAME = "$(TARGET_NAME)";
				SWIFT_VERSION = 5.0;
				TARGETED_DEVICE_FAMILY = "1,2";
			};
			name = Release;
		};
/* End XCBuildConfiguration section */

/* Begin XCConfigurationList section */
		D0F164BC26D6404F0039A35F /* Build configuration list for PBXProject "Real_Click_Game" */ = {
			isa = XCConfigurationList;
			buildConfigurations = (
				D0F164D326D640570039A35F /* Debug */,
				D0F164D426D640570039A35F /* Release */,
			);
			defaultConfigurationIsVisible = 0;
			defaultConfigurationName = Release;
		};
		D0F164D526D640570039A35F /* Build configuration list for PBXNativeTarget "Real_Click_Game" */ = {
			isa = XCConfigurationList;
			buildConfigurations = (
				D0F164D626D640570039A35F /* Debug */,
				D0F164D726D640570039A35F /* Release */,
			);
			defaultConfigurationIsVisible = 0;
			defaultConfigurationName = Release;
		};
/* End XCConfigurationList section */
	};
	rootObject = D0F164B926D6404F0039A35F /* Project object */;
}
